
Microsoft Visual Studio Solution File, Format Version 12.00
# Visual Studio Version 16
VisualStudioVersion = 16.0.30413.136
MinimumVisualStudioVersion = 10.0.40219.1
Project("{9A19103F-16F7-4668-BE54-9A1E7A4F7556}") = "ServerGRPC", "ServerGRPC\ServerGRPC.csproj", "{C8EF9C24-892D-49AA-BB79-6C5AF98C304F}"
EndProject
Project("{9A19103F-16F7-4668-BE54-9A1E7A4F7556}") = "UtilsLibrary", "UtilsLibrary\UtilsLibrary.csproj", "{1CA29428-78E7-4428-BCA5-9E00E6DDE280}"
EndProject
Project("{9A19103F-16F7-4668-BE54-9A1E7A4F7556}") = "SudokuClient", "SudokuClient\SudokuClient.csproj", "{783EB8EB-368E-42BA-A5FB-9E4D3AA0B46D}"
EndProject
Project("{2150E333-8FDC-42A3-9474-1A3956D46DE8}") = "Solution Items", "Solution Items", "{995991E6-1A76-468E-984D-C48A1A221E03}"
	ProjectSection(SolutionItems) = preProject
		data.sqlite = data.sqlite
	EndProjectSection
EndProject
Project("{9A19103F-16F7-4668-BE54-9A1E7A4F7556}") = "GameServer", "GameServer\GameServer.csproj", "{8FAEF31F-5D11-4D1C-AB93-DC648E555C36}"
EndProject
Global
	GlobalSection(SolutionConfigurationPlatforms) = preSolution
		Debug|Any CPU = Debug|Any CPU
		Release|Any CPU = Release|Any CPU
	EndGlobalSection
	GlobalSection(ProjectConfigurationPlatforms) = postSolution
		{C8EF9C24-892D-49AA-BB79-6C5AF98C304F}.Debug|Any CPU.ActiveCfg = Debug|Any CPU
		{C8EF9C24-892D-49AA-BB79-6C5AF98C304F}.Debug|Any CPU.Build.0 = Debug|Any CPU
		{C8EF9C24-892D-49AA-BB79-6C5AF98C304F}.Release|Any CPU.ActiveCfg = Release|Any CPU
		{C8EF9C24-892D-49AA-BB79-6C5AF98C304F}.Release|Any CPU.Build.0 = Release|Any CPU
		{1CA29428-78E7-4428-BCA5-9E00E6DDE280}.Debug|Any CPU.ActiveCfg = Debug|Any CPU
		{1CA29428-78E7-4428-BCA5-9E00E6DDE280}.Debug|Any CPU.Build.0 = Debug|Any CPU
		{1CA29428-78E7-4428-BCA5-9E00E6DDE280}.Release|Any CPU.ActiveCfg = Release|Any CPU
		{1CA29428-78E7-4428-BCA5-9E00E6DDE280}.Release|Any CPU.Build.0 = Release|Any CPU
		{783EB8EB-368E-42BA-A5FB-9E4D3AA0B46D}.Debug|Any CPU.ActiveCfg = Debug|Any CPU
		{783EB8EB-368E-42BA-A5FB-9E4D3AA0B46D}.Debug|Any CPU.Build.0 = Debug|Any CPU
		{783EB8EB-368E-42BA-A5FB-9E4D3AA0B46D}.Release|Any CPU.ActiveCfg = Release|Any CPU
		{783EB8EB-368E-42BA-A5FB-9E4D3AA0B46D}.Release|Any CPU.Build.0 = Release|Any CPU
		{8FAEF31F-5D11-4D1C-AB93-DC648E555C36}.Debug|Any CPU.ActiveCfg = Debug|Any CPU
		{8FAEF31F-5D11-4D1C-AB93-DC648E555C36}.Debug|Any CPU.Build.0 = Debug|Any CPU
		{8FAEF31F-5D11-4D1C-AB93-DC648E555C36}.Release|Any CPU.ActiveCfg = Release|Any CPU
		{8FAEF31F-5D11-4D1C-AB93-DC648E555C36}.Release|Any CPU.Build.0 = Release|Any CPU
	EndGlobalSection
	GlobalSection(SolutionProperties) = preSolution
		HideSolutionNode = FALSE
	EndGlobalSection
	GlobalSection(ExtensibilityGlobals) = postSolution
		SolutionGuid = {D9B5B099-077B-4DE9-8D0A-872A42AF9D80}
	EndGlobalSection
EndGlobal
