
Microsoft Visual Studio Solution File, Format Version 12.00
# Visual Studio Version 16
VisualStudioVersion = 16.0.30413.136
MinimumVisualStudioVersion = 10.0.40219.1
Project("{FAE04EC0-301F-11D3-BF4B-00C04F79EFBC}") = "SudokuApp", "SudokuApp.csproj", "{BAE408E6-29F2-466C-9DE6-105DD0E7B73A}"
EndProject
Global
	GlobalSection(SolutionConfigurationPlatforms) = preSolution
		Debug|Any CPU = Debug|Any CPU
		Release|Any CPU = Release|Any CPU
	EndGlobalSection
	GlobalSection(ProjectConfigurationPlatforms) = postSolution
		{BAE408E6-29F2-466C-9DE6-105DD0E7B73A}.Debug|Any CPU.ActiveCfg = Debug|Any CPU
		{BAE408E6-29F2-466C-9DE6-105DD0E7B73A}.Debug|Any CPU.Build.0 = Debug|Any CPU
		{BAE408E6-29F2-466C-9DE6-105DD0E7B73A}.Release|Any CPU.ActiveCfg = Release|Any CPU
		{BAE408E6-29F2-466C-9DE6-105DD0E7B73A}.Release|Any CPU.Build.0 = Release|Any CPU
	EndGlobalSection
	GlobalSection(SolutionProperties) = preSolution
		HideSolutionNode = FALSE
	EndGlobalSection
	GlobalSection(ExtensibilityGlobals) = postSolution
		SolutionGuid = {6B469B89-E657-414B-ACF0-0F940E28503D}
	EndGlobalSection
EndGlobal
